
Microsoft Visual Studio Solution File, Format Version 11.00
# Visual C# Express 2010
Project("{FAE04EC0-301F-11D3-BF4B-00C04F79EFBC}") = "Assignment1", "Assignment1.csproj", "{A93E5B16-54EE-42BD-9639-1BECF55BCCC0}"
EndProject
Global
	GlobalSection(SolutionConfigurationPlatforms) = preSolution
		Debug|x86 = Debug|x86
		Release|x86 = Release|x86
	EndGlobalSection
	GlobalSection(ProjectConfigurationPlatforms) = postSolution
		{A93E5B16-54EE-42BD-9639-1BECF55BCCC0}.Debug|x86.ActiveCfg = Debug|x86
		{A93E5B16-54EE-42BD-9639-1BECF55BCCC0}.Debug|x86.Build.0 = Debug|x86
		{A93E5B16-54EE-42BD-9639-1BECF55BCCC0}.Release|x86.ActiveCfg = Release|x86
		{A93E5B16-54EE-42BD-9639-1BECF55BCCC0}.Release|x86.Build.0 = Release|x86
	EndGlobalSection
	GlobalSection(SolutionProperties) = preSolution
		HideSolutionNode = FALSE
	EndGlobalSection
EndGlobal
